
Microsoft Visual Studio Solution File, Format Version 12.00
# Visual Studio 15
VisualStudioVersion = 15.0.26730.10
MinimumVisualStudioVersion = 10.0.40219.1
Project("{FAE04EC0-301F-11D3-BF4B-00C04F79EFBC}") = "WebApp_Aula2Lab2", "WebApp_Aula2Lab2\WebApp_Aula2Lab2.csproj", "{D777B954-DD48-4223-A4A9-B4C1914CA06A}"
EndProject
Global
	GlobalSection(SolutionConfigurationPlatforms) = preSolution
		Debug|Any CPU = Debug|Any CPU
		Release|Any CPU = Release|Any CPU
	EndGlobalSection
	GlobalSection(ProjectConfigurationPlatforms) = postSolution
		{D777B954-DD48-4223-A4A9-B4C1914CA06A}.Debug|Any CPU.ActiveCfg = Debug|Any CPU
		{D777B954-DD48-4223-A4A9-B4C1914CA06A}.Debug|Any CPU.Build.0 = Debug|Any CPU
		{D777B954-DD48-4223-A4A9-B4C1914CA06A}.Release|Any CPU.ActiveCfg = Release|Any CPU
		{D777B954-DD48-4223-A4A9-B4C1914CA06A}.Release|Any CPU.Build.0 = Release|Any CPU
	EndGlobalSection
	GlobalSection(SolutionProperties) = preSolution
		HideSolutionNode = FALSE
	EndGlobalSection
	GlobalSection(ExtensibilityGlobals) = postSolution
		SolutionGuid = {AA03F342-CD83-4182-88D1-6596493DF7D0}
	EndGlobalSection
EndGlobal
